
Microsoft Visual Studio Solution File, Format Version 12.00
# Visual Studio Version 16
VisualStudioVersion = 16.0.29806.167
MinimumVisualStudioVersion = 10.0.40219.1
Project("{E24C65DC-7377-472B-9ABA-BC803B73C61A}") = "cache_v1", ".", "{598A7117-A5FC-4E0B-9EC8-51E4DA390755}"
	ProjectSection(WebsiteProperties) = preProject
		TargetFrameworkMoniker = ".NETFramework,Version%3Dv4.0"
		Debug.AspNetCompiler.VirtualPath = "/localhost_63658"
		Debug.AspNetCompiler.PhysicalPath = "..\cache_v1\"
		Debug.AspNetCompiler.TargetPath = "PrecompiledWeb\localhost_63658\"
		Debug.AspNetCompiler.Updateable = "true"
		Debug.AspNetCompiler.ForceOverwrite = "true"
		Debug.AspNetCompiler.FixedNames = "false"
		Debug.AspNetCompiler.Debug = "True"
		Release.AspNetCompiler.VirtualPath = "/localhost_63658"
		Release.AspNetCompiler.PhysicalPath = "..\cache_v1\"
		Release.AspNetCompiler.TargetPath = "PrecompiledWeb\localhost_63658\"
		Release.AspNetCompiler.Updateable = "true"
		Release.AspNetCompiler.ForceOverwrite = "true"
		Release.AspNetCompiler.FixedNames = "false"
		Release.AspNetCompiler.Debug = "False"
		VWDPort = "63658"
		SlnRelativePath = "..\cache_v1\"
	EndProjectSection
EndProject
Project("{E24C65DC-7377-472B-9ABA-BC803B73C61A}") = "CacheEngine-NodeJs", "C:\CacheEngine-NodeJs\", "{7259F2C6-FB4A-4174-82CD-DF49F194B9DF}"
	ProjectSection(WebsiteProperties) = preProject
		TargetFrameworkMoniker = ".NETFramework,Version%3Dv4.0"
		Debug.AspNetCompiler.VirtualPath = "/localhost_59229"
		Debug.AspNetCompiler.PhysicalPath = "C:\CacheEngine-NodeJs\"
		Debug.AspNetCompiler.TargetPath = "PrecompiledWeb\localhost_59229\"
		Debug.AspNetCompiler.Updateable = "true"
		Debug.AspNetCompiler.ForceOverwrite = "true"
		Debug.AspNetCompiler.FixedNames = "false"
		Debug.AspNetCompiler.Debug = "True"
		Release.AspNetCompiler.VirtualPath = "/localhost_59229"
		Release.AspNetCompiler.PhysicalPath = "C:\CacheEngine-NodeJs\"
		Release.AspNetCompiler.TargetPath = "PrecompiledWeb\localhost_59229\"
		Release.AspNetCompiler.Updateable = "true"
		Release.AspNetCompiler.ForceOverwrite = "true"
		Release.AspNetCompiler.FixedNames = "false"
		Release.AspNetCompiler.Debug = "False"
		VWDPort = "59229"
		SlnRelativePath = "C:\CacheEngine-NodeJs\"
	EndProjectSection
EndProject
Project("{E24C65DC-7377-472B-9ABA-BC803B73C61A}") = "corenode", "C:\corenode\", "{7F08D23A-331A-473B-97A6-4375CE27C45C}"
	ProjectSection(WebsiteProperties) = preProject
		TargetFrameworkMoniker = ".NETFramework,Version%3Dv4.0"
		Debug.AspNetCompiler.VirtualPath = "/localhost_59101"
		Debug.AspNetCompiler.PhysicalPath = "C:\corenode\"
		Debug.AspNetCompiler.TargetPath = "PrecompiledWeb\localhost_59101\"
		Debug.AspNetCompiler.Updateable = "true"
		Debug.AspNetCompiler.ForceOverwrite = "true"
		Debug.AspNetCompiler.FixedNames = "false"
		Debug.AspNetCompiler.Debug = "True"
		Release.AspNetCompiler.VirtualPath = "/localhost_59101"
		Release.AspNetCompiler.PhysicalPath = "C:\corenode\"
		Release.AspNetCompiler.TargetPath = "PrecompiledWeb\localhost_59101\"
		Release.AspNetCompiler.Updateable = "true"
		Release.AspNetCompiler.ForceOverwrite = "true"
		Release.AspNetCompiler.FixedNames = "false"
		Release.AspNetCompiler.Debug = "False"
		VWDPort = "59101"
		SlnRelativePath = "C:\corenode\"
	EndProjectSection
EndProject
Project("{E24C65DC-7377-472B-9ABA-BC803B73C61A}") = "pol_v1", "..\pol_v1\", "{F067699D-1BC5-4BDE-A5AA-143EE2068088}"
	ProjectSection(WebsiteProperties) = preProject
		TargetFrameworkMoniker = ".NETFramework,Version%3Dv4.0"
		Debug.AspNetCompiler.VirtualPath = "/localhost_55413"
		Debug.AspNetCompiler.PhysicalPath = "..\pol_v1\"
		Debug.AspNetCompiler.TargetPath = "PrecompiledWeb\localhost_55413\"
		Debug.AspNetCompiler.Updateable = "true"
		Debug.AspNetCompiler.ForceOverwrite = "true"
		Debug.AspNetCompiler.FixedNames = "false"
		Debug.AspNetCompiler.Debug = "True"
		Release.AspNetCompiler.VirtualPath = "/localhost_55413"
		Release.AspNetCompiler.PhysicalPath = "..\pol_v1\"
		Release.AspNetCompiler.TargetPath = "PrecompiledWeb\localhost_55413\"
		Release.AspNetCompiler.Updateable = "true"
		Release.AspNetCompiler.ForceOverwrite = "true"
		Release.AspNetCompiler.FixedNames = "false"
		Release.AspNetCompiler.Debug = "False"
		VWDPort = "55413"
		SlnRelativePath = "..\pol_v1\"
	EndProjectSection
EndProject
Project("{FAE04EC0-301F-11D3-BF4B-00C04F79EFBC}") = "ui-log-redis", "ui\log-clean\ui-log-redis\ui-log-redis.csproj", "{E03EBA0B-00A6-4EF0-A976-B344AB22FE41}"
EndProject
Project("{FAE04EC0-301F-11D3-BF4B-00C04F79EFBC}") = "svnode", "svnode\svnode\svnode.csproj", "{FB23B528-C139-4405-92D7-EEC4E27E367E}"
EndProject
Project("{E24C65DC-7377-472B-9ABA-BC803B73C61A}") = "test", "svnode\test\", "{82BA5C7E-78F6-4A53-99E1-466FAD003B52}"
	ProjectSection(WebsiteProperties) = preProject
		TargetFrameworkMoniker = ".NETFramework,Version%3Dv4.0"
		Debug.AspNetCompiler.VirtualPath = "/localhost_59927"
		Debug.AspNetCompiler.PhysicalPath = "svnode\test\"
		Debug.AspNetCompiler.TargetPath = "PrecompiledWeb\localhost_59927\"
		Debug.AspNetCompiler.Updateable = "true"
		Debug.AspNetCompiler.ForceOverwrite = "true"
		Debug.AspNetCompiler.FixedNames = "false"
		Debug.AspNetCompiler.Debug = "True"
		Release.AspNetCompiler.VirtualPath = "/localhost_59927"
		Release.AspNetCompiler.PhysicalPath = "svnode\test\"
		Release.AspNetCompiler.TargetPath = "PrecompiledWeb\localhost_59927\"
		Release.AspNetCompiler.Updateable = "true"
		Release.AspNetCompiler.ForceOverwrite = "true"
		Release.AspNetCompiler.FixedNames = "false"
		Release.AspNetCompiler.Debug = "False"
		VWDPort = "59927"
		SlnRelativePath = "svnode\test\"
	EndProjectSection
EndProject
Project("{FAE04EC0-301F-11D3-BF4B-00C04F79EFBC}") = "cache_redis", "..\cache_redis\cache_redis\cache_redis.csproj", "{09466270-93CC-4D65-ACDD-D8088225CE96}"
EndProject
Global
	GlobalSection(SolutionConfigurationPlatforms) = preSolution
		Debug|Any CPU = Debug|Any CPU
		Debug|x64 = Debug|x64
		Release|Any CPU = Release|Any CPU
		Release|x64 = Release|x64
	EndGlobalSection
	GlobalSection(ProjectConfigurationPlatforms) = postSolution
		{598A7117-A5FC-4E0B-9EC8-51E4DA390755}.Debug|Any CPU.ActiveCfg = Debug|Any CPU
		{598A7117-A5FC-4E0B-9EC8-51E4DA390755}.Debug|Any CPU.Build.0 = Debug|Any CPU
		{598A7117-A5FC-4E0B-9EC8-51E4DA390755}.Debug|x64.ActiveCfg = Debug|Any CPU
		{598A7117-A5FC-4E0B-9EC8-51E4DA390755}.Debug|x64.Build.0 = Debug|Any CPU
		{598A7117-A5FC-4E0B-9EC8-51E4DA390755}.Release|Any CPU.ActiveCfg = Debug|Any CPU
		{598A7117-A5FC-4E0B-9EC8-51E4DA390755}.Release|Any CPU.Build.0 = Debug|Any CPU
		{598A7117-A5FC-4E0B-9EC8-51E4DA390755}.Release|x64.ActiveCfg = Debug|Any CPU
		{598A7117-A5FC-4E0B-9EC8-51E4DA390755}.Release|x64.Build.0 = Debug|Any CPU
		{7259F2C6-FB4A-4174-82CD-DF49F194B9DF}.Debug|Any CPU.ActiveCfg = Debug|Any CPU
		{7259F2C6-FB4A-4174-82CD-DF49F194B9DF}.Debug|Any CPU.Build.0 = Debug|Any CPU
		{7259F2C6-FB4A-4174-82CD-DF49F194B9DF}.Debug|x64.ActiveCfg = Debug|Any CPU
		{7259F2C6-FB4A-4174-82CD-DF49F194B9DF}.Debug|x64.Build.0 = Debug|Any CPU
		{7259F2C6-FB4A-4174-82CD-DF49F194B9DF}.Release|Any CPU.ActiveCfg = Debug|Any CPU
		{7259F2C6-FB4A-4174-82CD-DF49F194B9DF}.Release|Any CPU.Build.0 = Debug|Any CPU
		{7259F2C6-FB4A-4174-82CD-DF49F194B9DF}.Release|x64.ActiveCfg = Debug|Any CPU
		{7259F2C6-FB4A-4174-82CD-DF49F194B9DF}.Release|x64.Build.0 = Debug|Any CPU
		{7F08D23A-331A-473B-97A6-4375CE27C45C}.Debug|Any CPU.ActiveCfg = Debug|Any CPU
		{7F08D23A-331A-473B-97A6-4375CE27C45C}.Debug|Any CPU.Build.0 = Debug|Any CPU
		{7F08D23A-331A-473B-97A6-4375CE27C45C}.Debug|x64.ActiveCfg = Debug|Any CPU
		{7F08D23A-331A-473B-97A6-4375CE27C45C}.Debug|x64.Build.0 = Debug|Any CPU
		{7F08D23A-331A-473B-97A6-4375CE27C45C}.Release|Any CPU.ActiveCfg = Debug|Any CPU
		{7F08D23A-331A-473B-97A6-4375CE27C45C}.Release|Any CPU.Build.0 = Debug|Any CPU
		{7F08D23A-331A-473B-97A6-4375CE27C45C}.Release|x64.ActiveCfg = Debug|Any CPU
		{7F08D23A-331A-473B-97A6-4375CE27C45C}.Release|x64.Build.0 = Debug|Any CPU
		{F067699D-1BC5-4BDE-A5AA-143EE2068088}.Debug|Any CPU.ActiveCfg = Debug|Any CPU
		{F067699D-1BC5-4BDE-A5AA-143EE2068088}.Debug|Any CPU.Build.0 = Debug|Any CPU
		{F067699D-1BC5-4BDE-A5AA-143EE2068088}.Debug|x64.ActiveCfg = Debug|Any CPU
		{F067699D-1BC5-4BDE-A5AA-143EE2068088}.Debug|x64.Build.0 = Debug|Any CPU
		{F067699D-1BC5-4BDE-A5AA-143EE2068088}.Release|Any CPU.ActiveCfg = Debug|Any CPU
		{F067699D-1BC5-4BDE-A5AA-143EE2068088}.Release|Any CPU.Build.0 = Debug|Any CPU
		{F067699D-1BC5-4BDE-A5AA-143EE2068088}.Release|x64.ActiveCfg = Debug|Any CPU
		{F067699D-1BC5-4BDE-A5AA-143EE2068088}.Release|x64.Build.0 = Debug|Any CPU
		{E03EBA0B-00A6-4EF0-A976-B344AB22FE41}.Debug|Any CPU.ActiveCfg = Debug|Any CPU
		{E03EBA0B-00A6-4EF0-A976-B344AB22FE41}.Debug|Any CPU.Build.0 = Debug|Any CPU
		{E03EBA0B-00A6-4EF0-A976-B344AB22FE41}.Debug|x64.ActiveCfg = Debug|x64
		{E03EBA0B-00A6-4EF0-A976-B344AB22FE41}.Debug|x64.Build.0 = Debug|x64
		{E03EBA0B-00A6-4EF0-A976-B344AB22FE41}.Release|Any CPU.ActiveCfg = Release|Any CPU
		{E03EBA0B-00A6-4EF0-A976-B344AB22FE41}.Release|Any CPU.Build.0 = Release|Any CPU
		{E03EBA0B-00A6-4EF0-A976-B344AB22FE41}.Release|x64.ActiveCfg = Release|x64
		{E03EBA0B-00A6-4EF0-A976-B344AB22FE41}.Release|x64.Build.0 = Release|x64
		{FB23B528-C139-4405-92D7-EEC4E27E367E}.Debug|Any CPU.ActiveCfg = Debug|Any CPU
		{FB23B528-C139-4405-92D7-EEC4E27E367E}.Debug|Any CPU.Build.0 = Debug|Any CPU
		{FB23B528-C139-4405-92D7-EEC4E27E367E}.Debug|x64.ActiveCfg = Debug|x64
		{FB23B528-C139-4405-92D7-EEC4E27E367E}.Debug|x64.Build.0 = Debug|x64
		{FB23B528-C139-4405-92D7-EEC4E27E367E}.Release|Any CPU.ActiveCfg = Release|Any CPU
		{FB23B528-C139-4405-92D7-EEC4E27E367E}.Release|Any CPU.Build.0 = Release|Any CPU
		{FB23B528-C139-4405-92D7-EEC4E27E367E}.Release|x64.ActiveCfg = Release|x64
		{FB23B528-C139-4405-92D7-EEC4E27E367E}.Release|x64.Build.0 = Release|x64
		{82BA5C7E-78F6-4A53-99E1-466FAD003B52}.Debug|Any CPU.ActiveCfg = Debug|Any CPU
		{82BA5C7E-78F6-4A53-99E1-466FAD003B52}.Debug|Any CPU.Build.0 = Debug|Any CPU
		{82BA5C7E-78F6-4A53-99E1-466FAD003B52}.Debug|x64.ActiveCfg = Debug|Any CPU
		{82BA5C7E-78F6-4A53-99E1-466FAD003B52}.Debug|x64.Build.0 = Debug|Any CPU
		{82BA5C7E-78F6-4A53-99E1-466FAD003B52}.Release|Any CPU.ActiveCfg = Debug|Any CPU
		{82BA5C7E-78F6-4A53-99E1-466FAD003B52}.Release|Any CPU.Build.0 = Debug|Any CPU
		{82BA5C7E-78F6-4A53-99E1-466FAD003B52}.Release|x64.ActiveCfg = Debug|Any CPU
		{82BA5C7E-78F6-4A53-99E1-466FAD003B52}.Release|x64.Build.0 = Debug|Any CPU
		{09466270-93CC-4D65-ACDD-D8088225CE96}.Debug|Any CPU.ActiveCfg = Debug|Any CPU
		{09466270-93CC-4D65-ACDD-D8088225CE96}.Debug|Any CPU.Build.0 = Debug|Any CPU
		{09466270-93CC-4D65-ACDD-D8088225CE96}.Debug|x64.ActiveCfg = Debug|Any CPU
		{09466270-93CC-4D65-ACDD-D8088225CE96}.Debug|x64.Build.0 = Debug|Any CPU
		{09466270-93CC-4D65-ACDD-D8088225CE96}.Release|Any CPU.ActiveCfg = Release|Any CPU
		{09466270-93CC-4D65-ACDD-D8088225CE96}.Release|Any CPU.Build.0 = Release|Any CPU
		{09466270-93CC-4D65-ACDD-D8088225CE96}.Release|x64.ActiveCfg = Release|Any CPU
		{09466270-93CC-4D65-ACDD-D8088225CE96}.Release|x64.Build.0 = Release|Any CPU
	EndGlobalSection
	GlobalSection(SolutionProperties) = preSolution
		HideSolutionNode = FALSE
	EndGlobalSection
	GlobalSection(ExtensibilityGlobals) = postSolution
		SolutionGuid = {01E9D091-9B87-411A-B27D-6CA98688946A}
	EndGlobalSection
EndGlobal
